
Microsoft Visual Studio Solution File, Format Version 12.00
# Visual Studio 15
VisualStudioVersion = 15.0.28010.2036
MinimumVisualStudioVersion = 10.0.40219.1
Project("{FAE04EC0-301F-11D3-BF4B-00C04F79EFBC}") = "InerfaceRocketFuel", "InerfaceRocketFuel\InerfaceRocketFuel.csproj", "{B874FD58-26D6-42C6-BB33-C1A43474B5FF}"
EndProject
Global
	GlobalSection(SolutionConfigurationPlatforms) = preSolution
		Debug|Any CPU = Debug|Any CPU
		Release|Any CPU = Release|Any CPU
	EndGlobalSection
	GlobalSection(ProjectConfigurationPlatforms) = postSolution
		{B874FD58-26D6-42C6-BB33-C1A43474B5FF}.Debug|Any CPU.ActiveCfg = Debug|Any CPU
		{B874FD58-26D6-42C6-BB33-C1A43474B5FF}.Debug|Any CPU.Build.0 = Debug|Any CPU
		{B874FD58-26D6-42C6-BB33-C1A43474B5FF}.Release|Any CPU.ActiveCfg = Release|Any CPU
		{B874FD58-26D6-42C6-BB33-C1A43474B5FF}.Release|Any CPU.Build.0 = Release|Any CPU
	EndGlobalSection
	GlobalSection(SolutionProperties) = preSolution
		HideSolutionNode = FALSE
	EndGlobalSection
	GlobalSection(ExtensibilityGlobals) = postSolution
		SolutionGuid = {B65CA36A-EE26-4233-B1AD-8C9D25650193}
	EndGlobalSection
EndGlobal
